
Microsoft Visual Studio Solution File, Format Version 12.00
# Visual Studio Version 16
VisualStudioVersion = 16.0.28803.202
MinimumVisualStudioVersion = 10.0.40219.1
Project("{9A19103F-16F7-4668-BE54-9A1E7A4F7556}") = "Blog.Main", "Blog.Main\Blog.Main.csproj", "{55057DDB-EA50-4880-9ED3-E27119B1811A}"
EndProject
Global
	GlobalSection(SolutionConfigurationPlatforms) = preSolution
		Debug|Any CPU = Debug|Any CPU
		Release|Any CPU = Release|Any CPU
	EndGlobalSection
	GlobalSection(ProjectConfigurationPlatforms) = postSolution
		{55057DDB-EA50-4880-9ED3-E27119B1811A}.Debug|Any CPU.ActiveCfg = Debug|Any CPU
		{55057DDB-EA50-4880-9ED3-E27119B1811A}.Debug|Any CPU.Build.0 = Debug|Any CPU
		{55057DDB-EA50-4880-9ED3-E27119B1811A}.Release|Any CPU.ActiveCfg = Release|Any CPU
		{55057DDB-EA50-4880-9ED3-E27119B1811A}.Release|Any CPU.Build.0 = Release|Any CPU
	EndGlobalSection
	GlobalSection(SolutionProperties) = preSolution
		HideSolutionNode = FALSE
	EndGlobalSection
	GlobalSection(ExtensibilityGlobals) = postSolution
		SolutionGuid = {C191E752-868B-4DBE-A1DC-F748562C68D5}
	EndGlobalSection
EndGlobal
